
Microsoft Visual Studio Solution File, Format Version 10.00
# Visual Studio 2008
Project("{FAE04EC0-301F-11D3-BF4B-00C04F79EFBC}") = "${ProjectName}", "${ProjectName}${PathSeparator}${ProjectName}.csproj", "{872F9A6A-0A0E-4CF2-AEDF-D464568E7984}"
EndProject
Project("{FAE04EC0-301F-11D3-BF4B-00C04F79EFBC}") = "${ProjectName}.Tests", "${ProjectName}.Tests${PathSeparator}${ProjectName}.Tests.csproj", "{EA09D611-C2C2-4160-822C-2541D4F32438}"
EndProject
Global
	GlobalSection(SolutionConfigurationPlatforms) = preSolution
		Debug|Any CPU = Debug|Any CPU
		Release|Any CPU = Release|Any CPU
	EndGlobalSection
	GlobalSection(ProjectConfigurationPlatforms) = postSolution
		{872F9A6A-0A0E-4CF2-AEDF-D464568E7984}.Debug|Any CPU.ActiveCfg = Debug|Any CPU
		{872F9A6A-0A0E-4CF2-AEDF-D464568E7984}.Debug|Any CPU.Build.0 = Debug|Any CPU
		{872F9A6A-0A0E-4CF2-AEDF-D464568E7984}.Release|Any CPU.ActiveCfg = Release|Any CPU
		{872F9A6A-0A0E-4CF2-AEDF-D464568E7984}.Release|Any CPU.Build.0 = Release|Any CPU
		{EA09D611-C2C2-4160-822C-2541D4F32438}.Debug|Any CPU.ActiveCfg = Debug|Any CPU
		{EA09D611-C2C2-4160-822C-2541D4F32438}.Debug|Any CPU.Build.0 = Debug|Any CPU
		{EA09D611-C2C2-4160-822C-2541D4F32438}.Release|Any CPU.ActiveCfg = Release|Any CPU
		{EA09D611-C2C2-4160-822C-2541D4F32438}.Release|Any CPU.Build.0 = Release|Any CPU
	EndGlobalSection
	GlobalSection(SolutionProperties) = preSolution
		HideSolutionNode = FALSE
	EndGlobalSection
EndGlobal
