
Microsoft Visual Studio Solution File, Format Version 10.00
# Visual Studio 2008
Project("{FAE04EC0-301F-11D3-BF4B-00C04F79EFBC}") = "nu.core", "nu.core\nu.core.csproj", "{B106DBF9-AF90-414D-A40C-A0222BF8F5C8}"
EndProject
Project("{FAE04EC0-301F-11D3-BF4B-00C04F79EFBC}") = "nu.Specs", "nu.specs\nu.Specs.csproj", "{7EBF6A88-89C6-46FF-9A2C-B211F0B60C90}"
EndProject
Project("{FAE04EC0-301F-11D3-BF4B-00C04F79EFBC}") = "nu", "nu\nu.csproj", "{8490969E-9F06-4198-98F9-C89795859C90}"
EndProject
Global
	GlobalSection(SolutionConfigurationPlatforms) = preSolution
		Debug|Any CPU = Debug|Any CPU
		Release|Any CPU = Release|Any CPU
	EndGlobalSection
	GlobalSection(ProjectConfigurationPlatforms) = postSolution
		{B106DBF9-AF90-414D-A40C-A0222BF8F5C8}.Debug|Any CPU.ActiveCfg = Debug|Any CPU
		{B106DBF9-AF90-414D-A40C-A0222BF8F5C8}.Debug|Any CPU.Build.0 = Debug|Any CPU
		{B106DBF9-AF90-414D-A40C-A0222BF8F5C8}.Release|Any CPU.ActiveCfg = Release|Any CPU
		{B106DBF9-AF90-414D-A40C-A0222BF8F5C8}.Release|Any CPU.Build.0 = Release|Any CPU
		{7EBF6A88-89C6-46FF-9A2C-B211F0B60C90}.Debug|Any CPU.ActiveCfg = Debug|Any CPU
		{7EBF6A88-89C6-46FF-9A2C-B211F0B60C90}.Debug|Any CPU.Build.0 = Debug|Any CPU
		{7EBF6A88-89C6-46FF-9A2C-B211F0B60C90}.Release|Any CPU.ActiveCfg = Release|Any CPU
		{7EBF6A88-89C6-46FF-9A2C-B211F0B60C90}.Release|Any CPU.Build.0 = Release|Any CPU
		{8490969E-9F06-4198-98F9-C89795859C90}.Debug|Any CPU.ActiveCfg = Debug|Any CPU
		{8490969E-9F06-4198-98F9-C89795859C90}.Debug|Any CPU.Build.0 = Debug|Any CPU
		{8490969E-9F06-4198-98F9-C89795859C90}.Release|Any CPU.ActiveCfg = Release|Any CPU
		{8490969E-9F06-4198-98F9-C89795859C90}.Release|Any CPU.Build.0 = Release|Any CPU
	EndGlobalSection
	GlobalSection(SolutionProperties) = preSolution
		HideSolutionNode = FALSE
	EndGlobalSection
EndGlobal
